
Microsoft Visual Studio Solution File, Format Version 12.00
# Visual Studio Version 17
VisualStudioVersion = 17.1.32407.343
MinimumVisualStudioVersion = 10.0.40219.1
Project("{9A19103F-16F7-4668-BE54-9A1E7A4F7556}") = "Consumer", "Consumer.csproj", "{37B47F45-8DDC-4D03-B137-65C80EC5824B}"
EndProject
Global
	GlobalSection(SolutionConfigurationPlatforms) = preSolution
		Debug|Any CPU = Debug|Any CPU
		Release|Any CPU = Release|Any CPU
	EndGlobalSection
	GlobalSection(ProjectConfigurationPlatforms) = postSolution
		{37B47F45-8DDC-4D03-B137-65C80EC5824B}.Debug|Any CPU.ActiveCfg = Debug|Any CPU
		{37B47F45-8DDC-4D03-B137-65C80EC5824B}.Debug|Any CPU.Build.0 = Debug|Any CPU
		{37B47F45-8DDC-4D03-B137-65C80EC5824B}.Release|Any CPU.ActiveCfg = Release|Any CPU
		{37B47F45-8DDC-4D03-B137-65C80EC5824B}.Release|Any CPU.Build.0 = Release|Any CPU
	EndGlobalSection
	GlobalSection(SolutionProperties) = preSolution
		HideSolutionNode = FALSE
	EndGlobalSection
	GlobalSection(ExtensibilityGlobals) = postSolution
		SolutionGuid = {85BE26DE-04FB-4F21-B2A0-E35C5566319A}
	EndGlobalSection
EndGlobal
